
Microsoft Visual Studio Solution File, Format Version 12.00
# Visual Studio Version 17
VisualStudioVersion = 17.10.34916.146
MinimumVisualStudioVersion = 10.0.40219.1
Project("{FAE04EC0-301F-11D3-BF4B-00C04F79EFBC}") = "Chronos.ApiResponse", "Chronos.ApiResponse\Chronos.ApiResponse.csproj", "{83DD913C-AB11-4227-911A-057D2373320A}"
EndProject
Global
	GlobalSection(SolutionConfigurationPlatforms) = preSolution
		Debug|Any CPU = Debug|Any CPU
		Release|Any CPU = Release|Any CPU
	EndGlobalSection
	GlobalSection(ProjectConfigurationPlatforms) = postSolution
		{83DD913C-AB11-4227-911A-057D2373320A}.Debug|Any CPU.ActiveCfg = Debug|Any CPU
		{83DD913C-AB11-4227-911A-057D2373320A}.Debug|Any CPU.Build.0 = Debug|Any CPU
		{83DD913C-AB11-4227-911A-057D2373320A}.Release|Any CPU.ActiveCfg = Release|Any CPU
		{83DD913C-AB11-4227-911A-057D2373320A}.Release|Any CPU.Build.0 = Release|Any CPU
	EndGlobalSection
	GlobalSection(SolutionProperties) = preSolution
		HideSolutionNode = FALSE
	EndGlobalSection
	GlobalSection(ExtensibilityGlobals) = postSolution
		SolutionGuid = {26763531-95E2-40A9-8FE6-EBCE6489DC52}
	EndGlobalSection
EndGlobal
